{
  "name": "Kortana",
  "lockfileVersion": 2,
  "requires": true,
  "packages": {
    "": {
      "dependencies": {
        "long-press-event": "^2.4.6"
      }
    },
    "node_modules/long-press-event": {
      "version": "2.4.6",
      "resolved": "https://registry.npmjs.org/long-press-event/-/long-press-event-2.4.6.tgz",
      "integrity": "sha512-59zL3M+uD7Q2DTuxJ2UkbVV3+0D9PrcI7zgem1AXRinH6g8mb7iN9vOKCqiVriW15S4L9OmKOr/d8q9qAaeCGQ=="
    }
  },
  "dependencies": {
    "long-press-event": {
      "version": "2.4.6",
      "resolved": "https://registry.npmjs.org/long-press-event/-/long-press-event-2.4.6.tgz",
      "integrity": "sha512-59zL3M+uD7Q2DTuxJ2UkbVV3+0D9PrcI7zgem1AXRinH6g8mb7iN9vOKCqiVriW15S4L9OmKOr/d8q9qAaeCGQ=="
    }
  }
}
